
Microsoft Visual Studio Solution File, Format Version 12.00
# Visual Studio Version 16
VisualStudioVersion = 16.0.30011.22
MinimumVisualStudioVersion = 10.0.40219.1
Project("{9A19103F-16F7-4668-BE54-9A1E7A4F7556}") = "MyHelper", "MyHelper\MyHelper.csproj", "{DF89F787-39FD-4D62-B9DE-3294A62B2FCA}"
EndProject
Project("{9A19103F-16F7-4668-BE54-9A1E7A4F7556}") = "TestHelperApp", "TestHelperApp\TestHelperApp.csproj", "{34E60EFC-8450-4B79-87DD-8359FB79CFFA}"
EndProject
Project("{9A19103F-16F7-4668-BE54-9A1E7A4F7556}") = "RabbitMqHelper", "RabbitMqHelper\RabbitMqHelper.csproj", "{485233D8-7DC1-4926-B094-C5C6EC01491B}"
EndProject
Project("{9A19103F-16F7-4668-BE54-9A1E7A4F7556}") = "TestHelperAppCore", "TestHelperAppCore\TestHelperAppCore.csproj", "{33A53838-81FA-416F-BA1B-2E6CF602BAF2}"
EndProject
Project("{9A19103F-16F7-4668-BE54-9A1E7A4F7556}") = "SocketHelper", "SocketHelper\SocketHelper.csproj", "{26BDF6A1-5583-4CD5-90FE-B56A70D1B906}"
EndProject
Project("{9A19103F-16F7-4668-BE54-9A1E7A4F7556}") = "WebApiHelper", "WebApiHelper\WebApiHelper.csproj", "{86EA21F4-3A23-4539-BBAC-48FCFD432600}"
EndProject
Project("{9A19103F-16F7-4668-BE54-9A1E7A4F7556}") = "MongoDBHelper", "MongoDBHelper\MongoDBHelper.csproj", "{E3644314-858E-47E3-A2C0-5D6D2B30B712}"
EndProject
Project("{9A19103F-16F7-4668-BE54-9A1E7A4F7556}") = "DBHelper", "DBHelper\DBHelper.csproj", "{D56CAFE7-82D7-4C47-9347-DF06B56688FE}"
EndProject
Project("{FAE04EC0-301F-11D3-BF4B-00C04F79EFBC}") = "EFHelper", "EFHelper\EFHelper.csproj", "{C075AEBC-264C-49C0-B72B-1E9D5E142D02}"
EndProject
Global
	GlobalSection(SolutionConfigurationPlatforms) = preSolution
		Debug|Any CPU = Debug|Any CPU
		Release|Any CPU = Release|Any CPU
	EndGlobalSection
	GlobalSection(ProjectConfigurationPlatforms) = postSolution
		{DF89F787-39FD-4D62-B9DE-3294A62B2FCA}.Debug|Any CPU.ActiveCfg = Debug|Any CPU
		{DF89F787-39FD-4D62-B9DE-3294A62B2FCA}.Debug|Any CPU.Build.0 = Debug|Any CPU
		{DF89F787-39FD-4D62-B9DE-3294A62B2FCA}.Release|Any CPU.ActiveCfg = Release|Any CPU
		{DF89F787-39FD-4D62-B9DE-3294A62B2FCA}.Release|Any CPU.Build.0 = Release|Any CPU
		{34E60EFC-8450-4B79-87DD-8359FB79CFFA}.Debug|Any CPU.ActiveCfg = Debug|Any CPU
		{34E60EFC-8450-4B79-87DD-8359FB79CFFA}.Debug|Any CPU.Build.0 = Debug|Any CPU
		{34E60EFC-8450-4B79-87DD-8359FB79CFFA}.Release|Any CPU.ActiveCfg = Release|Any CPU
		{34E60EFC-8450-4B79-87DD-8359FB79CFFA}.Release|Any CPU.Build.0 = Release|Any CPU
		{485233D8-7DC1-4926-B094-C5C6EC01491B}.Debug|Any CPU.ActiveCfg = Debug|Any CPU
		{485233D8-7DC1-4926-B094-C5C6EC01491B}.Debug|Any CPU.Build.0 = Debug|Any CPU
		{485233D8-7DC1-4926-B094-C5C6EC01491B}.Release|Any CPU.ActiveCfg = Release|Any CPU
		{485233D8-7DC1-4926-B094-C5C6EC01491B}.Release|Any CPU.Build.0 = Release|Any CPU
		{33A53838-81FA-416F-BA1B-2E6CF602BAF2}.Debug|Any CPU.ActiveCfg = Debug|Any CPU
		{33A53838-81FA-416F-BA1B-2E6CF602BAF2}.Debug|Any CPU.Build.0 = Debug|Any CPU
		{33A53838-81FA-416F-BA1B-2E6CF602BAF2}.Release|Any CPU.ActiveCfg = Release|Any CPU
		{33A53838-81FA-416F-BA1B-2E6CF602BAF2}.Release|Any CPU.Build.0 = Release|Any CPU
		{26BDF6A1-5583-4CD5-90FE-B56A70D1B906}.Debug|Any CPU.ActiveCfg = Debug|Any CPU
		{26BDF6A1-5583-4CD5-90FE-B56A70D1B906}.Debug|Any CPU.Build.0 = Debug|Any CPU
		{26BDF6A1-5583-4CD5-90FE-B56A70D1B906}.Release|Any CPU.ActiveCfg = Release|Any CPU
		{26BDF6A1-5583-4CD5-90FE-B56A70D1B906}.Release|Any CPU.Build.0 = Release|Any CPU
		{86EA21F4-3A23-4539-BBAC-48FCFD432600}.Debug|Any CPU.ActiveCfg = Debug|Any CPU
		{86EA21F4-3A23-4539-BBAC-48FCFD432600}.Debug|Any CPU.Build.0 = Debug|Any CPU
		{86EA21F4-3A23-4539-BBAC-48FCFD432600}.Release|Any CPU.ActiveCfg = Release|Any CPU
		{86EA21F4-3A23-4539-BBAC-48FCFD432600}.Release|Any CPU.Build.0 = Release|Any CPU
		{E3644314-858E-47E3-A2C0-5D6D2B30B712}.Debug|Any CPU.ActiveCfg = Debug|Any CPU
		{E3644314-858E-47E3-A2C0-5D6D2B30B712}.Debug|Any CPU.Build.0 = Debug|Any CPU
		{E3644314-858E-47E3-A2C0-5D6D2B30B712}.Release|Any CPU.ActiveCfg = Release|Any CPU
		{E3644314-858E-47E3-A2C0-5D6D2B30B712}.Release|Any CPU.Build.0 = Release|Any CPU
		{D56CAFE7-82D7-4C47-9347-DF06B56688FE}.Debug|Any CPU.ActiveCfg = Debug|Any CPU
		{D56CAFE7-82D7-4C47-9347-DF06B56688FE}.Debug|Any CPU.Build.0 = Debug|Any CPU
		{D56CAFE7-82D7-4C47-9347-DF06B56688FE}.Release|Any CPU.ActiveCfg = Release|Any CPU
		{D56CAFE7-82D7-4C47-9347-DF06B56688FE}.Release|Any CPU.Build.0 = Release|Any CPU
		{C075AEBC-264C-49C0-B72B-1E9D5E142D02}.Debug|Any CPU.ActiveCfg = Debug|Any CPU
		{C075AEBC-264C-49C0-B72B-1E9D5E142D02}.Debug|Any CPU.Build.0 = Debug|Any CPU
		{C075AEBC-264C-49C0-B72B-1E9D5E142D02}.Release|Any CPU.ActiveCfg = Release|Any CPU
		{C075AEBC-264C-49C0-B72B-1E9D5E142D02}.Release|Any CPU.Build.0 = Release|Any CPU
	EndGlobalSection
	GlobalSection(SolutionProperties) = preSolution
		HideSolutionNode = FALSE
	EndGlobalSection
	GlobalSection(ExtensibilityGlobals) = postSolution
		SolutionGuid = {4F38324D-12D8-4E47-B335-772D8E4FB1BC}
	EndGlobalSection
EndGlobal
